{
  "name": "Svelte Project",
  "lockfileVersion": 2,
  "requires": true,
  "packages": {
    "": {
      "dependencies": {
        "@sveltejs/adapter-node": "^1.0.0-next.78",
        "@sveltejs/adapter-static": "^1.0.0-next.34"
      }
    },
    "node_modules/@sveltejs/adapter-node": {
      "version": "1.0.0-next.78",
      "resolved": "https://registry.npmjs.org/@sveltejs/adapter-node/-/adapter-node-1.0.0-next.78.tgz",
      "integrity": "sha512-TXB5Ii0z/7o1B05p/YLsS4t+JUHFHWBzFv1U16TKvM3HMbMUJIx+AhpM2WJfDX8HtAyfd1m9OawGoUB+1ed24A==",
      "dependencies": {
        "tiny-glob": "^0.2.9"
      }
    },
    "node_modules/@sveltejs/adapter-static": {
      "version": "1.0.0-next.34",
      "resolved": "https://registry.npmjs.org/@sveltejs/adapter-static/-/adapter-static-1.0.0-next.34.tgz",
      "integrity": "sha512-XjuMhemme5z0L/B2nTZpA6k+RJjF+b6L96ts6gIQ6ixiCzJQSbBqJhrrBYBCaeLAKvdUMoGEmX8m862JhKjRFg==",
      "dependencies": {
        "tiny-glob": "^0.2.9"
      }
    },
    "node_modules/globalyzer": {
      "version": "0.1.0",
      "resolved": "https://registry.npmjs.org/globalyzer/-/globalyzer-0.1.0.tgz",
      "integrity": "sha512-40oNTM9UfG6aBmuKxk/giHn5nQ8RVz/SS4Ir6zgzOv9/qC3kKZ9v4etGTcJbEl/NyVQH7FGU7d+X1egr57Md2Q=="
    },
    "node_modules/globrex": {
      "version": "0.1.2",
      "resolved": "https://registry.npmjs.org/globrex/-/globrex-0.1.2.tgz",
      "integrity": "sha512-uHJgbwAMwNFf5mLst7IWLNg14x1CkeqglJb/K3doi4dw6q2IvAAmM/Y81kevy83wP+Sst+nutFTYOGg3d1lsxg=="
    },
    "node_modules/tiny-glob": {
      "version": "0.2.9",
      "resolved": "https://registry.npmjs.org/tiny-glob/-/tiny-glob-0.2.9.tgz",
      "integrity": "sha512-g/55ssRPUjShh+xkfx9UPDXqhckHEsHr4Vd9zX55oSdGZc/MD0m3sferOkwWtp98bv+kcVfEHtRJgBVJzelrzg==",
      "dependencies": {
        "globalyzer": "0.1.0",
        "globrex": "^0.1.2"
      }
    }
  },
  "dependencies": {
    "@sveltejs/adapter-node": {
      "version": "1.0.0-next.78",
      "resolved": "https://registry.npmjs.org/@sveltejs/adapter-node/-/adapter-node-1.0.0-next.78.tgz",
      "integrity": "sha512-TXB5Ii0z/7o1B05p/YLsS4t+JUHFHWBzFv1U16TKvM3HMbMUJIx+AhpM2WJfDX8HtAyfd1m9OawGoUB+1ed24A==",
      "requires": {
        "tiny-glob": "^0.2.9"
      }
    },
    "@sveltejs/adapter-static": {
      "version": "1.0.0-next.34",
      "resolved": "https://registry.npmjs.org/@sveltejs/adapter-static/-/adapter-static-1.0.0-next.34.tgz",
      "integrity": "sha512-XjuMhemme5z0L/B2nTZpA6k+RJjF+b6L96ts6gIQ6ixiCzJQSbBqJhrrBYBCaeLAKvdUMoGEmX8m862JhKjRFg==",
      "requires": {
        "tiny-glob": "^0.2.9"
      }
    },
    "globalyzer": {
      "version": "0.1.0",
      "resolved": "https://registry.npmjs.org/globalyzer/-/globalyzer-0.1.0.tgz",
      "integrity": "sha512-40oNTM9UfG6aBmuKxk/giHn5nQ8RVz/SS4Ir6zgzOv9/qC3kKZ9v4etGTcJbEl/NyVQH7FGU7d+X1egr57Md2Q=="
    },
    "globrex": {
      "version": "0.1.2",
      "resolved": "https://registry.npmjs.org/globrex/-/globrex-0.1.2.tgz",
      "integrity": "sha512-uHJgbwAMwNFf5mLst7IWLNg14x1CkeqglJb/K3doi4dw6q2IvAAmM/Y81kevy83wP+Sst+nutFTYOGg3d1lsxg=="
    },
    "tiny-glob": {
      "version": "0.2.9",
      "resolved": "https://registry.npmjs.org/tiny-glob/-/tiny-glob-0.2.9.tgz",
      "integrity": "sha512-g/55ssRPUjShh+xkfx9UPDXqhckHEsHr4Vd9zX55oSdGZc/MD0m3sferOkwWtp98bv+kcVfEHtRJgBVJzelrzg==",
      "requires": {
        "globalyzer": "0.1.0",
        "globrex": "^0.1.2"
      }
    }
  }
}
